
Microsoft Visual Studio Solution File, Format Version 12.00
# Visual Studio Version 16
VisualStudioVersion = 16.0.29025.244
MinimumVisualStudioVersion = 10.0.40219.1
Project("{9A19103F-16F7-4668-BE54-9A1E7A4F7556}") = "CustomLookup", "CustomLookup.csproj", "{0C70E01E-4B75-4212-92B2-97CEC1F88F44}"
EndProject
Project("{2150E333-8FDC-42A3-9474-1A3956D46DE8}") = "Skills", "Skills", "{E8D30955-4744-470F-889F-42F59ABE3007}"
EndProject
Global
	GlobalSection(SolutionConfigurationPlatforms) = preSolution
		Debug|Any CPU = Debug|Any CPU
		Release|Any CPU = Release|Any CPU
	EndGlobalSection
	GlobalSection(ProjectConfigurationPlatforms) = postSolution
		{0C70E01E-4B75-4212-92B2-97CEC1F88F44}.Debug|Any CPU.ActiveCfg = Debug|Any CPU
		{0C70E01E-4B75-4212-92B2-97CEC1F88F44}.Debug|Any CPU.Build.0 = Debug|Any CPU
		{0C70E01E-4B75-4212-92B2-97CEC1F88F44}.Release|Any CPU.ActiveCfg = Release|Any CPU
		{0C70E01E-4B75-4212-92B2-97CEC1F88F44}.Release|Any CPU.Build.0 = Release|Any CPU
	EndGlobalSection
	GlobalSection(SolutionProperties) = preSolution
		HideSolutionNode = FALSE
	EndGlobalSection
	GlobalSection(NestedProjects) = preSolution
		{0C70E01E-4B75-4212-92B2-97CEC1F88F44} = {E8D30955-4744-470F-889F-42F59ABE3007}
	EndGlobalSection
	GlobalSection(ExtensibilityGlobals) = postSolution
		SolutionGuid = {BFCA2F14-E2CE-45CC-B843-E5669B73AC46}
	EndGlobalSection
EndGlobal
