
Microsoft Visual Studio Solution File, Format Version 12.00
# Visual Studio 15
VisualStudioVersion = 15.0.28307.779
MinimumVisualStudioVersion = 10.0.40219.1
Project("{2150E333-8FDC-42A3-9474-1A3956D46DE8}") = "Text", "Text", "{F98E15F9-D6BB-41CE-8B5B-84E624B86203}"
EndProject
Project("{2150E333-8FDC-42A3-9474-1A3956D46DE8}") = "Vision", "Vision", "{10BE854F-F22A-4AE0-8283-688E10C76275}"
EndProject
Project("{2150E333-8FDC-42A3-9474-1A3956D46DE8}") = "Geo", "Geo", "{79C202F2-C57C-41B2-ADBE-A4308DAA101C}"
EndProject
Project("{2150E333-8FDC-42A3-9474-1A3956D46DE8}") = "_Solution Items", "_Solution Items", "{FDD25BA0-CA39-4A29-BF7A-356B8DABEE3B}"
	ProjectSection(SolutionItems) = preProject
		CHANGELOG.md = CHANGELOG.md
		CONTRIBUTING.md = CONTRIBUTING.md
		CONTRIBUTORS.md = CONTRIBUTORS.md
		LICENSE.md = LICENSE.md
		README.md = README.md
		WebAPISkillContract.cs = WebAPISkillContract.cs
		WebAPISkillHelper.cs = WebAPISkillHelper.cs
	EndProjectSection
EndProject
Project("{9A19103F-16F7-4668-BE54-9A1E7A4F7556}") = "GeoPointFromName", "Geo\GeoPointFromName\GeoPointFromName.csproj", "{B8166C8C-7C6D-4E29-A8A8-BBFF19FB0733}"
EndProject
Project("{9A19103F-16F7-4668-BE54-9A1E7A4F7556}") = "BingEntitySearch", "Text\BingEntitySearch\BingEntitySearch.csproj", "{633DDE34-C2AA-4C7C-91B2-CA54B6B9535A}"
EndProject
Project("{9A19103F-16F7-4668-BE54-9A1E7A4F7556}") = "AcronymLinker", "Text\AcronymLinker\AcronymLinker.csproj", "{CFB328D4-3F48-4D29-960B-B4E429360362}"
EndProject
Project("{9A19103F-16F7-4668-BE54-9A1E7A4F7556}") = "ImageStore", "Vision\ImageStore\ImageStore.csproj", "{435BDC88-37DC-4DA2-8530-D588BE1BD4E5}"
EndProject
Project("{2150E333-8FDC-42A3-9474-1A3956D46DE8}") = "Template", "Template", "{73F12928-D380-4FEA-B0F2-0315EB602491}"
EndProject
Project("{9A19103F-16F7-4668-BE54-9A1E7A4F7556}") = "HelloWorld", "Template\HelloWorld\HelloWorld.csproj", "{ADF276A6-DC47-495B-8600-E7ECC8175E50}"
EndProject
Project("{9A19103F-16F7-4668-BE54-9A1E7A4F7556}") = "HocrGenerator", "Vision\HocrGenerator\HocrGenerator.csproj", "{0C777E2F-ABEB-4D43-8E5E-6524C2E4BD4B}"
EndProject
Project("{9A19103F-16F7-4668-BE54-9A1E7A4F7556}") = "AnalyzeForm", "Vision\AnalyzeForm\AnalyzeForm.csproj", "{0D165CE1-66B6-47AE-ABA1-EF157C4E2884}"
EndProject
Project("{2150E333-8FDC-42A3-9474-1A3956D46DE8}") = "_SampleData", "_SampleData", "{18FA8906-1CE8-43BC-B7CD-737947C335A3}"
	ProjectSection(SolutionItems) = preProject
		SampleData\Invoice_1.pdf = SampleData\Invoice_1.pdf
		SampleData\Invoice_2.pdf = SampleData\Invoice_2.pdf
		SampleData\Invoice_3.pdf = SampleData\Invoice_3.pdf
		SampleData\Invoice_4.pdf = SampleData\Invoice_4.pdf
		SampleData\Invoice_5.pdf = SampleData\Invoice_5.pdf
	EndProjectSection
EndProject
Project("{9A19103F-16F7-4668-BE54-9A1E7A4F7556}") = "CustomEntityLookup", "Text\CustomEntitySearch\CustomEntityLookup.csproj", "{F0B21155-829F-4B26-853B-82ECAAB18D23}"
EndProject
Project("{9A19103F-16F7-4668-BE54-9A1E7A4F7556}") = "Tokenizer", "Text\Tokenizer\Tokenizer.csproj", "{54AFF776-801F-4328-9EEE-CFFCD20B5497}"
EndProject
Project("{9A19103F-16F7-4668-BE54-9A1E7A4F7556}") = "PowerSkillTests", "Tests\PowerSkillTests\PowerSkillTests.csproj", "{6F3E1DE3-7C77-49ED-BF9C-1FED8B318386}"
EndProject
Project("{9A19103F-16F7-4668-BE54-9A1E7A4F7556}") = "Common", "Common\Common.csproj", "{30F1ECE3-0B5D-4ACF-A375-B7C3721AF654}"
EndProject
Project("{9A19103F-16F7-4668-BE54-9A1E7A4F7556}") = "Distinct", "Text\Distinct\Distinct.csproj", "{63C364D1-FE52-45EC-B23E-20720201844A}"
EndProject
Global
	GlobalSection(SolutionConfigurationPlatforms) = preSolution
		Debug|Any CPU = Debug|Any CPU
		Release|Any CPU = Release|Any CPU
	EndGlobalSection
	GlobalSection(ProjectConfigurationPlatforms) = postSolution
		{B8166C8C-7C6D-4E29-A8A8-BBFF19FB0733}.Debug|Any CPU.ActiveCfg = Debug|Any CPU
		{B8166C8C-7C6D-4E29-A8A8-BBFF19FB0733}.Debug|Any CPU.Build.0 = Debug|Any CPU
		{B8166C8C-7C6D-4E29-A8A8-BBFF19FB0733}.Release|Any CPU.ActiveCfg = Release|Any CPU
		{B8166C8C-7C6D-4E29-A8A8-BBFF19FB0733}.Release|Any CPU.Build.0 = Release|Any CPU
		{633DDE34-C2AA-4C7C-91B2-CA54B6B9535A}.Debug|Any CPU.ActiveCfg = Debug|Any CPU
		{633DDE34-C2AA-4C7C-91B2-CA54B6B9535A}.Debug|Any CPU.Build.0 = Debug|Any CPU
		{633DDE34-C2AA-4C7C-91B2-CA54B6B9535A}.Release|Any CPU.ActiveCfg = Release|Any CPU
		{633DDE34-C2AA-4C7C-91B2-CA54B6B9535A}.Release|Any CPU.Build.0 = Release|Any CPU
		{CFB328D4-3F48-4D29-960B-B4E429360362}.Debug|Any CPU.ActiveCfg = Debug|Any CPU
		{CFB328D4-3F48-4D29-960B-B4E429360362}.Debug|Any CPU.Build.0 = Debug|Any CPU
		{CFB328D4-3F48-4D29-960B-B4E429360362}.Release|Any CPU.ActiveCfg = Release|Any CPU
		{CFB328D4-3F48-4D29-960B-B4E429360362}.Release|Any CPU.Build.0 = Release|Any CPU
		{435BDC88-37DC-4DA2-8530-D588BE1BD4E5}.Debug|Any CPU.ActiveCfg = Debug|Any CPU
		{435BDC88-37DC-4DA2-8530-D588BE1BD4E5}.Debug|Any CPU.Build.0 = Debug|Any CPU
		{435BDC88-37DC-4DA2-8530-D588BE1BD4E5}.Release|Any CPU.ActiveCfg = Release|Any CPU
		{435BDC88-37DC-4DA2-8530-D588BE1BD4E5}.Release|Any CPU.Build.0 = Release|Any CPU
		{ADF276A6-DC47-495B-8600-E7ECC8175E50}.Debug|Any CPU.ActiveCfg = Debug|Any CPU
		{ADF276A6-DC47-495B-8600-E7ECC8175E50}.Debug|Any CPU.Build.0 = Debug|Any CPU
		{ADF276A6-DC47-495B-8600-E7ECC8175E50}.Release|Any CPU.ActiveCfg = Release|Any CPU
		{ADF276A6-DC47-495B-8600-E7ECC8175E50}.Release|Any CPU.Build.0 = Release|Any CPU
		{0C777E2F-ABEB-4D43-8E5E-6524C2E4BD4B}.Debug|Any CPU.ActiveCfg = Debug|Any CPU
		{0C777E2F-ABEB-4D43-8E5E-6524C2E4BD4B}.Debug|Any CPU.Build.0 = Debug|Any CPU
		{0C777E2F-ABEB-4D43-8E5E-6524C2E4BD4B}.Release|Any CPU.ActiveCfg = Release|Any CPU
		{0C777E2F-ABEB-4D43-8E5E-6524C2E4BD4B}.Release|Any CPU.Build.0 = Release|Any CPU
		{0D165CE1-66B6-47AE-ABA1-EF157C4E2884}.Debug|Any CPU.ActiveCfg = Debug|Any CPU
		{0D165CE1-66B6-47AE-ABA1-EF157C4E2884}.Debug|Any CPU.Build.0 = Debug|Any CPU
		{0D165CE1-66B6-47AE-ABA1-EF157C4E2884}.Release|Any CPU.ActiveCfg = Release|Any CPU
		{0D165CE1-66B6-47AE-ABA1-EF157C4E2884}.Release|Any CPU.Build.0 = Release|Any CPU
		{F0B21155-829F-4B26-853B-82ECAAB18D23}.Debug|Any CPU.ActiveCfg = Debug|Any CPU
		{F0B21155-829F-4B26-853B-82ECAAB18D23}.Debug|Any CPU.Build.0 = Debug|Any CPU
		{F0B21155-829F-4B26-853B-82ECAAB18D23}.Release|Any CPU.ActiveCfg = Release|Any CPU
		{F0B21155-829F-4B26-853B-82ECAAB18D23}.Release|Any CPU.Build.0 = Release|Any CPU
		{54AFF776-801F-4328-9EEE-CFFCD20B5497}.Debug|Any CPU.ActiveCfg = Debug|Any CPU
		{54AFF776-801F-4328-9EEE-CFFCD20B5497}.Debug|Any CPU.Build.0 = Debug|Any CPU
		{54AFF776-801F-4328-9EEE-CFFCD20B5497}.Release|Any CPU.ActiveCfg = Release|Any CPU
		{54AFF776-801F-4328-9EEE-CFFCD20B5497}.Release|Any CPU.Build.0 = Release|Any CPU
		{6F3E1DE3-7C77-49ED-BF9C-1FED8B318386}.Debug|Any CPU.ActiveCfg = Debug|Any CPU
		{6F3E1DE3-7C77-49ED-BF9C-1FED8B318386}.Debug|Any CPU.Build.0 = Debug|Any CPU
		{6F3E1DE3-7C77-49ED-BF9C-1FED8B318386}.Release|Any CPU.ActiveCfg = Release|Any CPU
		{6F3E1DE3-7C77-49ED-BF9C-1FED8B318386}.Release|Any CPU.Build.0 = Release|Any CPU
		{30F1ECE3-0B5D-4ACF-A375-B7C3721AF654}.Debug|Any CPU.ActiveCfg = Debug|Any CPU
		{30F1ECE3-0B5D-4ACF-A375-B7C3721AF654}.Debug|Any CPU.Build.0 = Debug|Any CPU
		{30F1ECE3-0B5D-4ACF-A375-B7C3721AF654}.Release|Any CPU.ActiveCfg = Release|Any CPU
		{30F1ECE3-0B5D-4ACF-A375-B7C3721AF654}.Release|Any CPU.Build.0 = Release|Any CPU
		{63C364D1-FE52-45EC-B23E-20720201844A}.Debug|Any CPU.ActiveCfg = Debug|Any CPU
		{63C364D1-FE52-45EC-B23E-20720201844A}.Debug|Any CPU.Build.0 = Debug|Any CPU
		{63C364D1-FE52-45EC-B23E-20720201844A}.Release|Any CPU.ActiveCfg = Release|Any CPU
		{63C364D1-FE52-45EC-B23E-20720201844A}.Release|Any CPU.Build.0 = Release|Any CPU
	EndGlobalSection
	GlobalSection(SolutionProperties) = preSolution
		HideSolutionNode = FALSE
	EndGlobalSection
	GlobalSection(NestedProjects) = preSolution
		{B8166C8C-7C6D-4E29-A8A8-BBFF19FB0733} = {79C202F2-C57C-41B2-ADBE-A4308DAA101C}
		{633DDE34-C2AA-4C7C-91B2-CA54B6B9535A} = {F98E15F9-D6BB-41CE-8B5B-84E624B86203}
		{CFB328D4-3F48-4D29-960B-B4E429360362} = {F98E15F9-D6BB-41CE-8B5B-84E624B86203}
		{435BDC88-37DC-4DA2-8530-D588BE1BD4E5} = {10BE854F-F22A-4AE0-8283-688E10C76275}
		{ADF276A6-DC47-495B-8600-E7ECC8175E50} = {73F12928-D380-4FEA-B0F2-0315EB602491}
		{0C777E2F-ABEB-4D43-8E5E-6524C2E4BD4B} = {10BE854F-F22A-4AE0-8283-688E10C76275}
		{0D165CE1-66B6-47AE-ABA1-EF157C4E2884} = {10BE854F-F22A-4AE0-8283-688E10C76275}
		{F0B21155-829F-4B26-853B-82ECAAB18D23} = {F98E15F9-D6BB-41CE-8B5B-84E624B86203}
		{54AFF776-801F-4328-9EEE-CFFCD20B5497} = {F98E15F9-D6BB-41CE-8B5B-84E624B86203}
		{63C364D1-FE52-45EC-B23E-20720201844A} = {F98E15F9-D6BB-41CE-8B5B-84E624B86203}
	EndGlobalSection
	GlobalSection(ExtensibilityGlobals) = postSolution
		SolutionGuid = {3C22FE9E-7E11-429D-ADDE-0A220F285B90}
	EndGlobalSection
EndGlobal
