
Microsoft Visual Studio Solution File, Format Version 12.00
# Visual Studio Version 16
VisualStudioVersion = 16.0.28917.182
MinimumVisualStudioVersion = 10.0.40219.1
Project("{2150E333-8FDC-42A3-9474-1A3956D46DE8}") = "Text", "Text", "{F98E15F9-D6BB-41CE-8B5B-84E624B86203}"
EndProject
Project("{2150E333-8FDC-42A3-9474-1A3956D46DE8}") = "Vision", "Vision", "{10BE854F-F22A-4AE0-8283-688E10C76275}"
EndProject
Project("{2150E333-8FDC-42A3-9474-1A3956D46DE8}") = "Geo", "Geo", "{79C202F2-C57C-41B2-ADBE-A4308DAA101C}"
EndProject
Project("{2150E333-8FDC-42A3-9474-1A3956D46DE8}") = "Solution Items", "Solution Items", "{FDD25BA0-CA39-4A29-BF7A-356B8DABEE3B}"
	ProjectSection(SolutionItems) = preProject
		CHANGELOG.md = CHANGELOG.md
		CONTRIBUTING.md = CONTRIBUTING.md
		LICENSE.md = LICENSE.md
		README.md = README.md
	EndProjectSection
EndProject
Project("{9A19103F-16F7-4668-BE54-9A1E7A4F7556}") = "GeoPointFromName", "Geo\GeoPointFromName\GeoPointFromName.csproj", "{B8166C8C-7C6D-4E29-A8A8-BBFF19FB0733}"
EndProject
Project("{FAE04EC0-301F-11D3-BF4B-00C04F79EFBC}") = "BingEntitySearch", "Text\BingEntitySearch\BingEntitySearch.csproj", "{633DDE34-C2AA-4C7C-91B2-CA54B6B9535A}"
EndProject
Global
	GlobalSection(SolutionConfigurationPlatforms) = preSolution
		Debug|Any CPU = Debug|Any CPU
		Release|Any CPU = Release|Any CPU
	EndGlobalSection
	GlobalSection(ProjectConfigurationPlatforms) = postSolution
		{B8166C8C-7C6D-4E29-A8A8-BBFF19FB0733}.Debug|Any CPU.ActiveCfg = Debug|Any CPU
		{B8166C8C-7C6D-4E29-A8A8-BBFF19FB0733}.Debug|Any CPU.Build.0 = Debug|Any CPU
		{B8166C8C-7C6D-4E29-A8A8-BBFF19FB0733}.Release|Any CPU.ActiveCfg = Release|Any CPU
		{B8166C8C-7C6D-4E29-A8A8-BBFF19FB0733}.Release|Any CPU.Build.0 = Release|Any CPU
		{633DDE34-C2AA-4C7C-91B2-CA54B6B9535A}.Debug|Any CPU.ActiveCfg = Debug|Any CPU
		{633DDE34-C2AA-4C7C-91B2-CA54B6B9535A}.Debug|Any CPU.Build.0 = Debug|Any CPU
		{633DDE34-C2AA-4C7C-91B2-CA54B6B9535A}.Release|Any CPU.ActiveCfg = Release|Any CPU
		{633DDE34-C2AA-4C7C-91B2-CA54B6B9535A}.Release|Any CPU.Build.0 = Release|Any CPU
	EndGlobalSection
	GlobalSection(SolutionProperties) = preSolution
		HideSolutionNode = FALSE
	EndGlobalSection
	GlobalSection(NestedProjects) = preSolution
		{B8166C8C-7C6D-4E29-A8A8-BBFF19FB0733} = {79C202F2-C57C-41B2-ADBE-A4308DAA101C}
		{633DDE34-C2AA-4C7C-91B2-CA54B6B9535A} = {F98E15F9-D6BB-41CE-8B5B-84E624B86203}
	EndGlobalSection
	GlobalSection(ExtensibilityGlobals) = postSolution
		SolutionGuid = {3C22FE9E-7E11-429D-ADDE-0A220F285B90}
	EndGlobalSection
EndGlobal
