
Microsoft Visual Studio Solution File, Format Version 12.00
# Visual Studio Version 16
VisualStudioVersion = 16.0.29025.244
MinimumVisualStudioVersion = 10.0.40219.1
Project("{FAE04EC0-301F-11D3-BF4B-00C04F79EFBC}") = "CustomLookupTest", "CustomLookupTest.csproj", "{57B623E0-2A2E-49FE-AB2F-BEC24A9ECBCC}"
EndProject
Global
	GlobalSection(SolutionConfigurationPlatforms) = preSolution
		Debug|Any CPU = Debug|Any CPU
		Release|Any CPU = Release|Any CPU
	EndGlobalSection
	GlobalSection(ProjectConfigurationPlatforms) = postSolution
		{57B623E0-2A2E-49FE-AB2F-BEC24A9ECBCC}.Debug|Any CPU.ActiveCfg = Debug|Any CPU
		{57B623E0-2A2E-49FE-AB2F-BEC24A9ECBCC}.Debug|Any CPU.Build.0 = Debug|Any CPU
		{57B623E0-2A2E-49FE-AB2F-BEC24A9ECBCC}.Release|Any CPU.ActiveCfg = Release|Any CPU
		{57B623E0-2A2E-49FE-AB2F-BEC24A9ECBCC}.Release|Any CPU.Build.0 = Release|Any CPU
	EndGlobalSection
	GlobalSection(SolutionProperties) = preSolution
		HideSolutionNode = FALSE
	EndGlobalSection
	GlobalSection(ExtensibilityGlobals) = postSolution
		SolutionGuid = {DC9CAB48-0C55-4654-B925-2D2538EAB153}
	EndGlobalSection
EndGlobal
